
Microsoft Visual Studio Solution File, Format Version 12.00
# Visual Studio 2012
Project("{FAE04EC0-301F-11D3-BF4B-00C04F79EFBC}") = "constructMVC", "constructMVC\constructMVC.csproj", "{B7A14B7F-2ED3-423B-B396-855A88A68CFD}"
EndProject
Project("{FAE04EC0-301F-11D3-BF4B-00C04F79EFBC}") = "ConstructMVC.Model", "ConstructMVC.Model\ConstructMVC.Model.csproj", "{AE03FE0D-0862-4A7A-AE9D-A0725B53EF1B}"
EndProject
Project("{FAE04EC0-301F-11D3-BF4B-00C04F79EFBC}") = "ConstructMVC.Repository", "ConstructMVC.Repository\ConstructMVC.Repository.csproj", "{A92E2DDB-A637-4BEB-B1BF-80E36FB247AD}"
EndProject
Global
	GlobalSection(SolutionConfigurationPlatforms) = preSolution
		Debug|Any CPU = Debug|Any CPU
		Release|Any CPU = Release|Any CPU
	EndGlobalSection
	GlobalSection(ProjectConfigurationPlatforms) = postSolution
		{B7A14B7F-2ED3-423B-B396-855A88A68CFD}.Debug|Any CPU.ActiveCfg = Debug|Any CPU
		{B7A14B7F-2ED3-423B-B396-855A88A68CFD}.Debug|Any CPU.Build.0 = Debug|Any CPU
		{B7A14B7F-2ED3-423B-B396-855A88A68CFD}.Release|Any CPU.ActiveCfg = Release|Any CPU
		{B7A14B7F-2ED3-423B-B396-855A88A68CFD}.Release|Any CPU.Build.0 = Release|Any CPU
		{AE03FE0D-0862-4A7A-AE9D-A0725B53EF1B}.Debug|Any CPU.ActiveCfg = Debug|Any CPU
		{AE03FE0D-0862-4A7A-AE9D-A0725B53EF1B}.Debug|Any CPU.Build.0 = Debug|Any CPU
		{AE03FE0D-0862-4A7A-AE9D-A0725B53EF1B}.Release|Any CPU.ActiveCfg = Release|Any CPU
		{AE03FE0D-0862-4A7A-AE9D-A0725B53EF1B}.Release|Any CPU.Build.0 = Release|Any CPU
		{A92E2DDB-A637-4BEB-B1BF-80E36FB247AD}.Debug|Any CPU.ActiveCfg = Debug|Any CPU
		{A92E2DDB-A637-4BEB-B1BF-80E36FB247AD}.Debug|Any CPU.Build.0 = Debug|Any CPU
		{A92E2DDB-A637-4BEB-B1BF-80E36FB247AD}.Release|Any CPU.ActiveCfg = Release|Any CPU
		{A92E2DDB-A637-4BEB-B1BF-80E36FB247AD}.Release|Any CPU.Build.0 = Release|Any CPU
	EndGlobalSection
	GlobalSection(SolutionProperties) = preSolution
		HideSolutionNode = FALSE
	EndGlobalSection
EndGlobal
